
Microsoft Visual Studio Solution File, Format Version 12.00
# Visual Studio Version 17
VisualStudioVersion = 17.5.33530.505
MinimumVisualStudioVersion = 10.0.40219.1
Project("{9A19103F-16F7-4668-BE54-9A1E7A4F7556}") = "TgBotApp", "TgBot\TgBotApp.csproj", "{1AD758BB-BDA4-493A-A871-1CA8F825D545}"
EndProject
Project("{FAE04EC0-301F-11D3-BF4B-00C04F79EFBC}") = "TestTgBot", "TestTgBot\TestTgBot.csproj", "{9C2F6032-B371-4B1A-B0F2-48DFAAA99C2B}"
EndProject
Global
	GlobalSection(SolutionConfigurationPlatforms) = preSolution
		Debug|Any CPU = Debug|Any CPU
		Release|Any CPU = Release|Any CPU
	EndGlobalSection
	GlobalSection(ProjectConfigurationPlatforms) = postSolution
		{1AD758BB-BDA4-493A-A871-1CA8F825D545}.Debug|Any CPU.ActiveCfg = Debug|Any CPU
		{1AD758BB-BDA4-493A-A871-1CA8F825D545}.Debug|Any CPU.Build.0 = Debug|Any CPU
		{1AD758BB-BDA4-493A-A871-1CA8F825D545}.Release|Any CPU.ActiveCfg = Release|Any CPU
		{1AD758BB-BDA4-493A-A871-1CA8F825D545}.Release|Any CPU.Build.0 = Release|Any CPU
		{9C2F6032-B371-4B1A-B0F2-48DFAAA99C2B}.Debug|Any CPU.ActiveCfg = Debug|Any CPU
		{9C2F6032-B371-4B1A-B0F2-48DFAAA99C2B}.Debug|Any CPU.Build.0 = Debug|Any CPU
		{9C2F6032-B371-4B1A-B0F2-48DFAAA99C2B}.Release|Any CPU.ActiveCfg = Release|Any CPU
		{9C2F6032-B371-4B1A-B0F2-48DFAAA99C2B}.Release|Any CPU.Build.0 = Release|Any CPU
	EndGlobalSection
	GlobalSection(SolutionProperties) = preSolution
		HideSolutionNode = FALSE
	EndGlobalSection
	GlobalSection(ExtensibilityGlobals) = postSolution
		SolutionGuid = {4495CC53-F83F-49E9-9660-E8E7C7FBD3F7}
	EndGlobalSection
EndGlobal
